
Microsoft Visual Studio Solution File, Format Version 12.00
# Visual Studio Version 16
VisualStudioVersion = 16.0.31112.23
MinimumVisualStudioVersion = 10.0.40219.1
Project("{FAE04EC0-301F-11D3-BF4B-00C04F79EFBC}") = "Laboratorio2_Consola_Lostaunau", "Laboratorio2_Consola_Lostaunau\Laboratorio2_Consola_Lostaunau.csproj", "{DADAB851-BCF9-43BA-8E43-E100F24A9E55}"
EndProject
Global
	GlobalSection(SolutionConfigurationPlatforms) = preSolution
		Debug|Any CPU = Debug|Any CPU
		Release|Any CPU = Release|Any CPU
	EndGlobalSection
	GlobalSection(ProjectConfigurationPlatforms) = postSolution
		{DADAB851-BCF9-43BA-8E43-E100F24A9E55}.Debug|Any CPU.ActiveCfg = Debug|Any CPU
		{DADAB851-BCF9-43BA-8E43-E100F24A9E55}.Debug|Any CPU.Build.0 = Debug|Any CPU
		{DADAB851-BCF9-43BA-8E43-E100F24A9E55}.Release|Any CPU.ActiveCfg = Release|Any CPU
		{DADAB851-BCF9-43BA-8E43-E100F24A9E55}.Release|Any CPU.Build.0 = Release|Any CPU
	EndGlobalSection
	GlobalSection(SolutionProperties) = preSolution
		HideSolutionNode = FALSE
	EndGlobalSection
	GlobalSection(ExtensibilityGlobals) = postSolution
		SolutionGuid = {9CFC55D9-66BE-43C6-A028-9101146A3280}
	EndGlobalSection
EndGlobal
